
Microsoft Visual Studio Solution File, Format Version 12.00
# Visual Studio 15
VisualStudioVersion = 15.0.26124.0
MinimumVisualStudioVersion = 15.0.26124.0
Project("{FAE04EC0-301F-11D3-BF4B-00C04F79EFBC}") = "KafkaFacade", "KafkaFacade\KafkaFacade.csproj", "{FD9C1081-CB5B-43EF-8FD2-C478D0C98AE1}"
EndProject
Project("{FAE04EC0-301F-11D3-BF4B-00C04F79EFBC}") = "KafkaFacade.Tests", "KafkaFacade.Tests\KafkaFacade.Tests.csproj", "{2D7BF523-6335-4DB4-91F6-22A30D11B5D1}"
EndProject
Project("{FAE04EC0-301F-11D3-BF4B-00C04F79EFBC}") = "KafkaFacade.Avro", "KafkaFacade.Avro\KafkaFacade.Avro.csproj", "{183308D8-AE44-493F-A4AC-0F8BE83D1EF1}"
EndProject
Project("{FAE04EC0-301F-11D3-BF4B-00C04F79EFBC}") = "KafkaFacade.Protobuf", "KafkaFacade.Protobuf\KafkaFacade.Protobuf.csproj", "{A81FA70B-0CC4-471A-9C30-56E30D11CF52}"
EndProject
Global
	GlobalSection(SolutionConfigurationPlatforms) = preSolution
		Debug|Any CPU = Debug|Any CPU
		Debug|x64 = Debug|x64
		Debug|x86 = Debug|x86
		Release|Any CPU = Release|Any CPU
		Release|x64 = Release|x64
		Release|x86 = Release|x86
	EndGlobalSection
	GlobalSection(SolutionProperties) = preSolution
		HideSolutionNode = FALSE
	EndGlobalSection
	GlobalSection(ProjectConfigurationPlatforms) = postSolution
		{FD9C1081-CB5B-43EF-8FD2-C478D0C98AE1}.Debug|Any CPU.ActiveCfg = Debug|Any CPU
		{FD9C1081-CB5B-43EF-8FD2-C478D0C98AE1}.Debug|Any CPU.Build.0 = Debug|Any CPU
		{FD9C1081-CB5B-43EF-8FD2-C478D0C98AE1}.Debug|x64.ActiveCfg = Debug|Any CPU
		{FD9C1081-CB5B-43EF-8FD2-C478D0C98AE1}.Debug|x64.Build.0 = Debug|Any CPU
		{FD9C1081-CB5B-43EF-8FD2-C478D0C98AE1}.Debug|x86.ActiveCfg = Debug|Any CPU
		{FD9C1081-CB5B-43EF-8FD2-C478D0C98AE1}.Debug|x86.Build.0 = Debug|Any CPU
		{FD9C1081-CB5B-43EF-8FD2-C478D0C98AE1}.Release|Any CPU.ActiveCfg = Release|Any CPU
		{FD9C1081-CB5B-43EF-8FD2-C478D0C98AE1}.Release|Any CPU.Build.0 = Release|Any CPU
		{FD9C1081-CB5B-43EF-8FD2-C478D0C98AE1}.Release|x64.ActiveCfg = Release|Any CPU
		{FD9C1081-CB5B-43EF-8FD2-C478D0C98AE1}.Release|x64.Build.0 = Release|Any CPU
		{FD9C1081-CB5B-43EF-8FD2-C478D0C98AE1}.Release|x86.ActiveCfg = Release|Any CPU
		{FD9C1081-CB5B-43EF-8FD2-C478D0C98AE1}.Release|x86.Build.0 = Release|Any CPU
		{2D7BF523-6335-4DB4-91F6-22A30D11B5D1}.Debug|Any CPU.ActiveCfg = Debug|Any CPU
		{2D7BF523-6335-4DB4-91F6-22A30D11B5D1}.Debug|Any CPU.Build.0 = Debug|Any CPU
		{2D7BF523-6335-4DB4-91F6-22A30D11B5D1}.Debug|x64.ActiveCfg = Debug|Any CPU
		{2D7BF523-6335-4DB4-91F6-22A30D11B5D1}.Debug|x64.Build.0 = Debug|Any CPU
		{2D7BF523-6335-4DB4-91F6-22A30D11B5D1}.Debug|x86.ActiveCfg = Debug|Any CPU
		{2D7BF523-6335-4DB4-91F6-22A30D11B5D1}.Debug|x86.Build.0 = Debug|Any CPU
		{2D7BF523-6335-4DB4-91F6-22A30D11B5D1}.Release|Any CPU.ActiveCfg = Release|Any CPU
		{2D7BF523-6335-4DB4-91F6-22A30D11B5D1}.Release|Any CPU.Build.0 = Release|Any CPU
		{2D7BF523-6335-4DB4-91F6-22A30D11B5D1}.Release|x64.ActiveCfg = Release|Any CPU
		{2D7BF523-6335-4DB4-91F6-22A30D11B5D1}.Release|x64.Build.0 = Release|Any CPU
		{2D7BF523-6335-4DB4-91F6-22A30D11B5D1}.Release|x86.ActiveCfg = Release|Any CPU
		{2D7BF523-6335-4DB4-91F6-22A30D11B5D1}.Release|x86.Build.0 = Release|Any CPU
		{183308D8-AE44-493F-A4AC-0F8BE83D1EF1}.Debug|Any CPU.ActiveCfg = Debug|Any CPU
		{183308D8-AE44-493F-A4AC-0F8BE83D1EF1}.Debug|Any CPU.Build.0 = Debug|Any CPU
		{183308D8-AE44-493F-A4AC-0F8BE83D1EF1}.Debug|x64.ActiveCfg = Debug|Any CPU
		{183308D8-AE44-493F-A4AC-0F8BE83D1EF1}.Debug|x64.Build.0 = Debug|Any CPU
		{183308D8-AE44-493F-A4AC-0F8BE83D1EF1}.Debug|x86.ActiveCfg = Debug|Any CPU
		{183308D8-AE44-493F-A4AC-0F8BE83D1EF1}.Debug|x86.Build.0 = Debug|Any CPU
		{183308D8-AE44-493F-A4AC-0F8BE83D1EF1}.Release|Any CPU.ActiveCfg = Release|Any CPU
		{183308D8-AE44-493F-A4AC-0F8BE83D1EF1}.Release|Any CPU.Build.0 = Release|Any CPU
		{183308D8-AE44-493F-A4AC-0F8BE83D1EF1}.Release|x64.ActiveCfg = Release|Any CPU
		{183308D8-AE44-493F-A4AC-0F8BE83D1EF1}.Release|x64.Build.0 = Release|Any CPU
		{183308D8-AE44-493F-A4AC-0F8BE83D1EF1}.Release|x86.ActiveCfg = Release|Any CPU
		{183308D8-AE44-493F-A4AC-0F8BE83D1EF1}.Release|x86.Build.0 = Release|Any CPU
		{A81FA70B-0CC4-471A-9C30-56E30D11CF52}.Debug|Any CPU.ActiveCfg = Debug|Any CPU
		{A81FA70B-0CC4-471A-9C30-56E30D11CF52}.Debug|Any CPU.Build.0 = Debug|Any CPU
		{A81FA70B-0CC4-471A-9C30-56E30D11CF52}.Debug|x64.ActiveCfg = Debug|Any CPU
		{A81FA70B-0CC4-471A-9C30-56E30D11CF52}.Debug|x64.Build.0 = Debug|Any CPU
		{A81FA70B-0CC4-471A-9C30-56E30D11CF52}.Debug|x86.ActiveCfg = Debug|Any CPU
		{A81FA70B-0CC4-471A-9C30-56E30D11CF52}.Debug|x86.Build.0 = Debug|Any CPU
		{A81FA70B-0CC4-471A-9C30-56E30D11CF52}.Release|Any CPU.ActiveCfg = Release|Any CPU
		{A81FA70B-0CC4-471A-9C30-56E30D11CF52}.Release|Any CPU.Build.0 = Release|Any CPU
		{A81FA70B-0CC4-471A-9C30-56E30D11CF52}.Release|x64.ActiveCfg = Release|Any CPU
		{A81FA70B-0CC4-471A-9C30-56E30D11CF52}.Release|x64.Build.0 = Release|Any CPU
		{A81FA70B-0CC4-471A-9C30-56E30D11CF52}.Release|x86.ActiveCfg = Release|Any CPU
		{A81FA70B-0CC4-471A-9C30-56E30D11CF52}.Release|x86.Build.0 = Release|Any CPU
	EndGlobalSection
EndGlobal
